
Microsoft Visual Studio Solution File, Format Version 12.00
# Visual Studio Version 17
VisualStudioVersion = 17.1.32421.90
MinimumVisualStudioVersion = 10.0.40219.1
Project("{9A19103F-16F7-4668-BE54-9A1E7A4F7556}") = "TicTacToe", "TicTacToe\TicTacToe.csproj", "{A1670AA5-661F-4E9E-88BC-CEDA1AC0A932}"
EndProject
Project("{FAE04EC0-301F-11D3-BF4B-00C04F79EFBC}") = "TicTacToe_Test", "TicTacToe_Test\TicTacToe_Test.csproj", "{C497CCF4-A214-4B51-8F51-01D4179D33B9}"
EndProject
Global
	GlobalSection(SolutionConfigurationPlatforms) = preSolution
		Debug|Any CPU = Debug|Any CPU
		Release|Any CPU = Release|Any CPU
	EndGlobalSection
	GlobalSection(ProjectConfigurationPlatforms) = postSolution
		{A1670AA5-661F-4E9E-88BC-CEDA1AC0A932}.Debug|Any CPU.ActiveCfg = Debug|Any CPU
		{A1670AA5-661F-4E9E-88BC-CEDA1AC0A932}.Debug|Any CPU.Build.0 = Debug|Any CPU
		{A1670AA5-661F-4E9E-88BC-CEDA1AC0A932}.Release|Any CPU.ActiveCfg = Release|Any CPU
		{A1670AA5-661F-4E9E-88BC-CEDA1AC0A932}.Release|Any CPU.Build.0 = Release|Any CPU
		{C497CCF4-A214-4B51-8F51-01D4179D33B9}.Debug|Any CPU.ActiveCfg = Debug|Any CPU
		{C497CCF4-A214-4B51-8F51-01D4179D33B9}.Debug|Any CPU.Build.0 = Debug|Any CPU
		{C497CCF4-A214-4B51-8F51-01D4179D33B9}.Release|Any CPU.ActiveCfg = Release|Any CPU
		{C497CCF4-A214-4B51-8F51-01D4179D33B9}.Release|Any CPU.Build.0 = Release|Any CPU
	EndGlobalSection
	GlobalSection(SolutionProperties) = preSolution
		HideSolutionNode = FALSE
	EndGlobalSection
	GlobalSection(ExtensibilityGlobals) = postSolution
		SolutionGuid = {5079263E-9BB1-4C45-9AF0-174A7307400B}
	EndGlobalSection
EndGlobal
