
Microsoft Visual Studio Solution File, Format Version 12.00
# Visual Studio Version 17
VisualStudioVersion = 17.2.32516.85
MinimumVisualStudioVersion = 10.0.40219.1
Project("{FAE04EC0-301F-11D3-BF4B-00C04F79EFBC}") = "TicTacToeNew", "TicTacToeNew\TicTacToeNew.csproj", "{C3354540-CBD8-4719-8D40-2BD1D9112BAA}"
EndProject
Global
	GlobalSection(SolutionConfigurationPlatforms) = preSolution
		Debug|Any CPU = Debug|Any CPU
		Release|Any CPU = Release|Any CPU
	EndGlobalSection
	GlobalSection(ProjectConfigurationPlatforms) = postSolution
		{C3354540-CBD8-4719-8D40-2BD1D9112BAA}.Debug|Any CPU.ActiveCfg = Debug|Any CPU
		{C3354540-CBD8-4719-8D40-2BD1D9112BAA}.Debug|Any CPU.Build.0 = Debug|Any CPU
		{C3354540-CBD8-4719-8D40-2BD1D9112BAA}.Release|Any CPU.ActiveCfg = Release|Any CPU
		{C3354540-CBD8-4719-8D40-2BD1D9112BAA}.Release|Any CPU.Build.0 = Release|Any CPU
	EndGlobalSection
	GlobalSection(SolutionProperties) = preSolution
		HideSolutionNode = FALSE
	EndGlobalSection
	GlobalSection(ExtensibilityGlobals) = postSolution
		SolutionGuid = {9A854721-8477-4BBE-98FF-81F267C7C9A7}
	EndGlobalSection
EndGlobal
