
Microsoft Visual Studio Solution File, Format Version 12.00
# Visual Studio Version 17
VisualStudioVersion = 17.1.32421.90
MinimumVisualStudioVersion = 10.0.40219.1
Project("{FAE04EC0-301F-11D3-BF4B-00C04F79EFBC}") = "ConsoleApp1", "ConsoleApp1\ConsoleApp1.csproj", "{2CBA5F9D-51AF-45AA-B14B-E4A3822AC895}"
EndProject
Global
	GlobalSection(SolutionConfigurationPlatforms) = preSolution
		Debug|Any CPU = Debug|Any CPU
		Release|Any CPU = Release|Any CPU
	EndGlobalSection
	GlobalSection(ProjectConfigurationPlatforms) = postSolution
		{2CBA5F9D-51AF-45AA-B14B-E4A3822AC895}.Debug|Any CPU.ActiveCfg = Debug|Any CPU
		{2CBA5F9D-51AF-45AA-B14B-E4A3822AC895}.Debug|Any CPU.Build.0 = Debug|Any CPU
		{2CBA5F9D-51AF-45AA-B14B-E4A3822AC895}.Release|Any CPU.ActiveCfg = Release|Any CPU
		{2CBA5F9D-51AF-45AA-B14B-E4A3822AC895}.Release|Any CPU.Build.0 = Release|Any CPU
	EndGlobalSection
	GlobalSection(SolutionProperties) = preSolution
		HideSolutionNode = FALSE
	EndGlobalSection
	GlobalSection(ExtensibilityGlobals) = postSolution
		SolutionGuid = {725C8591-FAA0-4A66-AB0C-A1763A21A12A}
	EndGlobalSection
EndGlobal
